// !$*UTF8*$!
{
	archiveVersion = 1;
	classes = {
	};
	objectVersion = 55;
	objects = {

/* Begin PBXBuildFile section */
		91851894278D2F9E003C95B1 /* TetrisGameViewModel.swift in Sources */ = {isa = PBXBuildFile; fileRef = 91851893278D2F9E003C95B1 /* TetrisGameViewModel.swift */; };
		91E9EE06278D2CAB004C5B8C /* StakBlokApp.swift in Sources */ = {isa = PBXBuildFile; fileRef = 91E9EE05278D2CAB004C5B8C /* StakBlokApp.swift */; };
		91E9EE08278D2CAB004C5B8C /* ContentView.swift in Sources */ = {isa = PBXBuildFile; fileRef = 91E9EE07278D2CAB004C5B8C /* ContentView.swift */; };
		91E9EE0A278D2CAC004C5B8C /* Assets.xcassets in Resources */ = {isa = PBXBuildFile; fileRef = 91E9EE09278D2CAC004C5B8C /* Assets.xcassets */; };
		91E9EE0D278D2CAC004C5B8C /* Preview Assets.xcassets in Resources */ = {isa = PBXBuildFile; fileRef = 91E9EE0C278D2CAC004C5B8C /* Preview Assets.xcassets */; };
		91E9EE17278D2CAC004C5B8C /* StakBlokTests.swift in Sources */ = {isa = PBXBuildFile; fileRef = 91E9EE16278D2CAC004C5B8C /* StakBlokTests.swift */; };
		91E9EE21278D2CAC004C5B8C /* StakBlokUITests.swift in Sources */ = {isa = PBXBuildFile; fileRef = 91E9EE20278D2CAC004C5B8C /* StakBlokUITests.swift */; };
		91E9EE23278D2CAC004C5B8C /* StakBlokUITestsLaunchTests.swift in Sources */ = {isa = PBXBuildFile; fileRef = 91E9EE22278D2CAC004C5B8C /* StakBlokUITestsLaunchTests.swift */; };
		91FB5462278D389C000D40D4 /* Color.swift in Sources */ = {isa = PBXBuildFile; fileRef = 91FB5461278D389C000D40D4 /* Color.swift */; };
		91FB5467278D399B000D40D4 /* TetrisGameView.swift in Sources */ = {isa = PBXBuildFile; fileRef = 91FB5466278D399B000D40D4 /* TetrisGameView.swift */; };
		91FB546A278D4BF0000D40D4 /* TetrisGameModel.swift in Sources */ = {isa = PBXBuildFile; fileRef = 91FB5469278D4BF0000D40D4 /* TetrisGameModel.swift */; };
		91FB5474278FFC44000D40D4 /* Launch Screen.storyboard in Resources */ = {isa = PBXBuildFile; fileRef = 91FB5473278FFC44000D40D4 /* Launch Screen.storyboard */; };
		91FB5476278FFF19000D40D4 /* Main.storyboard in Resources */ = {isa = PBXBuildFile; fileRef = 91FB5475278FFF19000D40D4 /* Main.storyboard */; };
/* End PBXBuildFile section */

/* Begin PBXContainerItemProxy section */
		91E9EE13278D2CAC004C5B8C /* PBXContainerItemProxy */ = {
			isa = PBXContainerItemProxy;
			containerPortal = 91E9EDFA278D2CAB004C5B8C /* Project object */;
			proxyType = 1;
			remoteGlobalIDString = 91E9EE01278D2CAB004C5B8C;
			remoteInfo = StakBlok;
		};
		91E9EE1D278D2CAC004C5B8C /* PBXContainerItemProxy */ = {
			isa = PBXContainerItemProxy;
			containerPortal = 91E9EDFA278D2CAB004C5B8C /* Project object */;
			proxyType = 1;
			remoteGlobalIDString = 91E9EE01278D2CAB004C5B8C;
			remoteInfo = StakBlok;
		};
/* End PBXContainerItemProxy section */

/* Begin PBXFileReference section */
		91851893278D2F9E003C95B1 /* TetrisGameViewModel.swift */ = {isa = PBXFileReference; lastKnownFileType = sourcecode.swift; path = TetrisGameViewModel.swift; sourceTree = "<group>"; };
		91E9EE02278D2CAB004C5B8C /* StakBlok.app */ = {isa = PBXFileReference; explicitFileType = wrapper.application; includeInIndex = 0; path = StakBlok.app; sourceTree = BUILT_PRODUCTS_DIR; };
		91E9EE05278D2CAB004C5B8C /* StakBlokApp.swift */ = {isa = PBXFileReference; lastKnownFileType = sourcecode.swift; path = StakBlokApp.swift; sourceTree = "<group>"; };
		91E9EE07278D2CAB004C5B8C /* ContentView.swift */ = {isa = PBXFileReference; lastKnownFileType = sourcecode.swift; path = ContentView.swift; sourceTree = "<group>"; };
		91E9EE09278D2CAC004C5B8C /* Assets.xcassets */ = {isa = PBXFileReference; lastKnownFileType = folder.assetcatalog; path = Assets.xcassets; sourceTree = "<group>"; };
		91E9EE0C278D2CAC004C5B8C /* Preview Assets.xcassets */ = {isa = PBXFileReference; lastKnownFileType = folder.assetcatalog; path = "Preview Assets.xcassets"; sourceTree = "<group>"; };
		91E9EE12278D2CAC004C5B8C /* StakBlokTests.xctest */ = {isa = PBXFileReference; explicitFileType = wrapper.cfbundle; includeInIndex = 0; path = StakBlokTests.xctest; sourceTree = BUILT_PRODUCTS_DIR; };
		91E9EE16278D2CAC004C5B8C /* StakBlokTests.swift */ = {isa = PBXFileReference; lastKnownFileType = sourcecode.swift; path = StakBlokTests.swift; sourceTree = "<group>"; };
		91E9EE1C278D2CAC004C5B8C /* StakBlokUITests.xctest */ = {isa = PBXFileReference; explicitFileType = wrapper.cfbundle; includeInIndex = 0; path = StakBlokUITests.xctest; sourceTree = BUILT_PRODUCTS_DIR; };
		91E9EE20278D2CAC004C5B8C /* StakBlokUITests.swift */ = {isa = PBXFileReference; lastKnownFileType = sourcecode.swift; path = StakBlokUITests.swift; sourceTree = "<group>"; };
		91E9EE22278D2CAC004C5B8C /* StakBlokUITestsLaunchTests.swift */ = {isa = PBXFileReference; lastKnownFileType = sourcecode.swift; path = StakBlokUITestsLaunchTests.swift; sourceTree = "<group>"; };
		91FB5461278D389C000D40D4 /* Color.swift */ = {isa = PBXFileReference; lastKnownFileType = sourcecode.swift; path = Color.swift; sourceTree = "<group>"; };
		91FB5466278D399B000D40D4 /* TetrisGameView.swift */ = {isa = PBXFileReference; lastKnownFileType = sourcecode.swift; path = TetrisGameView.swift; sourceTree = "<group>"; };
		91FB5469278D4BF0000D40D4 /* TetrisGameModel.swift */ = {isa = PBXFileReference; lastKnownFileType = sourcecode.swift; path = TetrisGameModel.swift; sourceTree = "<group>"; };
		91FB5471278FFB02000D40D4 /* StakBlok.entitlements */ = {isa = PBXFileReference; lastKnownFileType = text.plist.entitlements; path = StakBlok.entitlements; sourceTree = "<group>"; };
		91FB5472278FFBCB000D40D4 /* Info.plist */ = {isa = PBXFileReference; lastKnownFileType = text.plist; path = Info.plist; sourceTree = "<group>"; };
		91FB5473278FFC44000D40D4 /* Launch Screen.storyboard */ = {isa = PBXFileReference; lastKnownFileType = file.storyboard; path = "Launch Screen.storyboard"; sourceTree = "<group>"; };
		91FB5475278FFF19000D40D4 /* Main.storyboard */ = {isa = PBXFileReference; lastKnownFileType = file.storyboard; path = Main.storyboard; sourceTree = "<group>"; };
/* End PBXFileReference section */

/* Begin PBXFrameworksBuildPhase section */
		91E9EDFF278D2CAB004C5B8C /* Frameworks */ = {
			isa = PBXFrameworksBuildPhase;
			buildActionMask = 2147483647;
			files = (
			);
			runOnlyForDeploymentPostprocessing = 0;
		};
		91E9EE0F278D2CAC004C5B8C /* Frameworks */ = {
			isa = PBXFrameworksBuildPhase;
			buildActionMask = 2147483647;
			files = (
			);
			runOnlyForDeploymentPostprocessing = 0;
		};
		91E9EE19278D2CAC004C5B8C /* Frameworks */ = {
			isa = PBXFrameworksBuildPhase;
			buildActionMask = 2147483647;
			files = (
			);
			runOnlyForDeploymentPostprocessing = 0;
		};
/* End PBXFrameworksBuildPhase section */

/* Begin PBXGroup section */
		91851892278D2F63003C95B1 /* ViewModel */ = {
			isa = PBXGroup;
			children = (
				91851893278D2F9E003C95B1 /* TetrisGameViewModel.swift */,
			);
			path = ViewModel;
			sourceTree = "<group>";
		};
		91E9EDF9278D2CAB004C5B8C = {
			isa = PBXGroup;
			children = (
				91FB5475278FFF19000D40D4 /* Main.storyboard */,
				91FB5473278FFC44000D40D4 /* Launch Screen.storyboard */,
				91E9EE04278D2CAB004C5B8C /* StakBlok */,
				91E9EE15278D2CAC004C5B8C /* StakBlokTests */,
				91E9EE1F278D2CAC004C5B8C /* StakBlokUITests */,
				91E9EE03278D2CAB004C5B8C /* Products */,
			);
			sourceTree = "<group>";
		};
		91E9EE03278D2CAB004C5B8C /* Products */ = {
			isa = PBXGroup;
			children = (
				91E9EE02278D2CAB004C5B8C /* StakBlok.app */,
				91E9EE12278D2CAC004C5B8C /* StakBlokTests.xctest */,
				91E9EE1C278D2CAC004C5B8C /* StakBlokUITests.xctest */,
			);
			name = Products;
			sourceTree = "<group>";
		};
		91E9EE04278D2CAB004C5B8C /* StakBlok */ = {
			isa = PBXGroup;
			children = (
				91FB5472278FFBCB000D40D4 /* Info.plist */,
				91FB5471278FFB02000D40D4 /* StakBlok.entitlements */,
				91FB5465278D3981000D40D4 /* View */,
				91FB5468278D4BDF000D40D4 /* Model */,
				91FB5460278D387E000D40D4 /* Extension */,
				91851892278D2F63003C95B1 /* ViewModel */,
				91E9EE05278D2CAB004C5B8C /* StakBlokApp.swift */,
				91E9EE07278D2CAB004C5B8C /* ContentView.swift */,
				91E9EE09278D2CAC004C5B8C /* Assets.xcassets */,
				91E9EE0B278D2CAC004C5B8C /* Preview Content */,
			);
			path = StakBlok;
			sourceTree = "<group>";
		};
		91E9EE0B278D2CAC004C5B8C /* Preview Content */ = {
			isa = PBXGroup;
			children = (
				91E9EE0C278D2CAC004C5B8C /* Preview Assets.xcassets */,
			);
			path = "Preview Content";
			sourceTree = "<group>";
		};
		91E9EE15278D2CAC004C5B8C /* StakBlokTests */ = {
			isa = PBXGroup;
			children = (
				91E9EE16278D2CAC004C5B8C /* StakBlokTests.swift */,
			);
			path = StakBlokTests;
			sourceTree = "<group>";
		};
		91E9EE1F278D2CAC004C5B8C /* StakBlokUITests */ = {
			isa = PBXGroup;
			children = (
				91E9EE20278D2CAC004C5B8C /* StakBlokUITests.swift */,
				91E9EE22278D2CAC004C5B8C /* StakBlokUITestsLaunchTests.swift */,
			);
			path = StakBlokUITests;
			sourceTree = "<group>";
		};
		91FB5460278D387E000D40D4 /* Extension */ = {
			isa = PBXGroup;
			children = (
				91FB5461278D389C000D40D4 /* Color.swift */,
			);
			path = Extension;
			sourceTree = "<group>";
		};
		91FB5465278D3981000D40D4 /* View */ = {
			isa = PBXGroup;
			children = (
				91FB5466278D399B000D40D4 /* TetrisGameView.swift */,
			);
			path = View;
			sourceTree = "<group>";
		};
		91FB5468278D4BDF000D40D4 /* Model */ = {
			isa = PBXGroup;
			children = (
				91FB5469278D4BF0000D40D4 /* TetrisGameModel.swift */,
			);
			path = Model;
			sourceTree = "<group>";
		};
/* End PBXGroup section */

/* Begin PBXNativeTarget section */
		91E9EE01278D2CAB004C5B8C /* StakBlok */ = {
			isa = PBXNativeTarget;
			buildConfigurationList = 91E9EE26278D2CAC004C5B8C /* Build configuration list for PBXNativeTarget "StakBlok" */;
			buildPhases = (
				91E9EDFE278D2CAB004C5B8C /* Sources */,
				91E9EDFF278D2CAB004C5B8C /* Frameworks */,
				91E9EE00278D2CAB004C5B8C /* Resources */,
			);
			buildRules = (
			);
			dependencies = (
			);
			name = StakBlok;
			productName = StakBlok;
			productReference = 91E9EE02278D2CAB004C5B8C /* StakBlok.app */;
			productType = "com.apple.product-type.application";
		};
		91E9EE11278D2CAC004C5B8C /* StakBlokTests */ = {
			isa = PBXNativeTarget;
			buildConfigurationList = 91E9EE29278D2CAC004C5B8C /* Build configuration list for PBXNativeTarget "StakBlokTests" */;
			buildPhases = (
				91E9EE0E278D2CAC004C5B8C /* Sources */,
				91E9EE0F278D2CAC004C5B8C /* Frameworks */,
				91E9EE10278D2CAC004C5B8C /* Resources */,
			);
			buildRules = (
			);
			dependencies = (
				91E9EE14278D2CAC004C5B8C /* PBXTargetDependency */,
			);
			name = StakBlokTests;
			productName = StakBlokTests;
			productReference = 91E9EE12278D2CAC004C5B8C /* StakBlokTests.xctest */;
			productType = "com.apple.product-type.bundle.unit-test";
		};
		91E9EE1B278D2CAC004C5B8C /* StakBlokUITests */ = {
			isa = PBXNativeTarget;
			buildConfigurationList = 91E9EE2C278D2CAC004C5B8C /* Build configuration list for PBXNativeTarget "StakBlokUITests" */;
			buildPhases = (
				91E9EE18278D2CAC004C5B8C /* Sources */,
				91E9EE19278D2CAC004C5B8C /* Frameworks */,
				91E9EE1A278D2CAC004C5B8C /* Resources */,
			);
			buildRules = (
			);
			dependencies = (
				91E9EE1E278D2CAC004C5B8C /* PBXTargetDependency */,
			);
			name = StakBlokUITests;
			productName = StakBlokUITests;
			productReference = 91E9EE1C278D2CAC004C5B8C /* StakBlokUITests.xctest */;
			productType = "com.apple.product-type.bundle.ui-testing";
		};
/* End PBXNativeTarget section */

/* Begin PBXProject section */
		91E9EDFA278D2CAB004C5B8C /* Project object */ = {
			isa = PBXProject;
			attributes = {
				BuildIndependentTargetsInParallel = 1;
				LastSwiftUpdateCheck = 1320;
				LastUpgradeCheck = 1320;
				TargetAttributes = {
					91E9EE01278D2CAB004C5B8C = {
						CreatedOnToolsVersion = 13.2.1;
					};
					91E9EE11278D2CAC004C5B8C = {
						CreatedOnToolsVersion = 13.2.1;
						TestTargetID = 91E9EE01278D2CAB004C5B8C;
					};
					91E9EE1B278D2CAC004C5B8C = {
						CreatedOnToolsVersion = 13.2.1;
						TestTargetID = 91E9EE01278D2CAB004C5B8C;
					};
				};
			};
			buildConfigurationList = 91E9EDFD278D2CAB004C5B8C /* Build configuration list for PBXProject "StakBlok" */;
			compatibilityVersion = "Xcode 13.0";
			developmentRegion = en;
			hasScannedForEncodings = 0;
			knownRegions = (
				en,
				Base,
			);
			mainGroup = 91E9EDF9278D2CAB004C5B8C;
			productRefGroup = 91E9EE03278D2CAB004C5B8C /* Products */;
			projectDirPath = "";
			projectRoot = "";
			targets = (
				91E9EE01278D2CAB004C5B8C /* StakBlok */,
				91E9EE11278D2CAC004C5B8C /* StakBlokTests */,
				91E9EE1B278D2CAC004C5B8C /* StakBlokUITests */,
			);
		};
/* End PBXProject section */

/* Begin PBXResourcesBuildPhase section */
		91E9EE00278D2CAB004C5B8C /* Resources */ = {
			isa = PBXResourcesBuildPhase;
			buildActionMask = 2147483647;
			files = (
				91FB5474278FFC44000D40D4 /* Launch Screen.storyboard in Resources */,
				91E9EE0D278D2CAC004C5B8C /* Preview Assets.xcassets in Resources */,
				91E9EE0A278D2CAC004C5B8C /* Assets.xcassets in Resources */,
				91FB5476278FFF19000D40D4 /* Main.storyboard in Resources */,
			);
			runOnlyForDeploymentPostprocessing = 0;
		};
		91E9EE10278D2CAC004C5B8C /* Resources */ = {
			isa = PBXResourcesBuildPhase;
			buildActionMask = 2147483647;
			files = (
			);
			runOnlyForDeploymentPostprocessing = 0;
		};
		91E9EE1A278D2CAC004C5B8C /* Resources */ = {
			isa = PBXResourcesBuildPhase;
			buildActionMask = 2147483647;
			files = (
			);
			runOnlyForDeploymentPostprocessing = 0;
		};
/* End PBXResourcesBuildPhase section */

/* Begin PBXSourcesBuildPhase section */
		91E9EDFE278D2CAB004C5B8C /* Sources */ = {
			isa = PBXSourcesBuildPhase;
			buildActionMask = 2147483647;
			files = (
				91E9EE08278D2CAB004C5B8C /* ContentView.swift in Sources */,
				91FB5467278D399B000D40D4 /* TetrisGameView.swift in Sources */,
				91FB546A278D4BF0000D40D4 /* TetrisGameModel.swift in Sources */,
				91FB5462278D389C000D40D4 /* Color.swift in Sources */,
				91E9EE06278D2CAB004C5B8C /* StakBlokApp.swift in Sources */,
				91851894278D2F9E003C95B1 /* TetrisGameViewModel.swift in Sources */,
			);
			runOnlyForDeploymentPostprocessing = 0;
		};
		91E9EE0E278D2CAC004C5B8C /* Sources */ = {
			isa = PBXSourcesBuildPhase;
			buildActionMask = 2147483647;
			files = (
				91E9EE17278D2CAC004C5B8C /* StakBlokTests.swift in Sources */,
			);
			runOnlyForDeploymentPostprocessing = 0;
		};
		91E9EE18278D2CAC004C5B8C /* Sources */ = {
			isa = PBXSourcesBuildPhase;
			buildActionMask = 2147483647;
			files = (
				91E9EE23278D2CAC004C5B8C /* StakBlokUITestsLaunchTests.swift in Sources */,
				91E9EE21278D2CAC004C5B8C /* StakBlokUITests.swift in Sources */,
			);
			runOnlyForDeploymentPostprocessing = 0;
		};
/* End PBXSourcesBuildPhase section */

/* Begin PBXTargetDependency section */
		91E9EE14278D2CAC004C5B8C /* PBXTargetDependency */ = {
			isa = PBXTargetDependency;
			target = 91E9EE01278D2CAB004C5B8C /* StakBlok */;
			targetProxy = 91E9EE13278D2CAC004C5B8C /* PBXContainerItemProxy */;
		};
		91E9EE1E278D2CAC004C5B8C /* PBXTargetDependency */ = {
			isa = PBXTargetDependency;
			target = 91E9EE01278D2CAB004C5B8C /* StakBlok */;
			targetProxy = 91E9EE1D278D2CAC004C5B8C /* PBXContainerItemProxy */;
		};
/* End PBXTargetDependency section */

/* Begin XCBuildConfiguration section */
		91E9EE24278D2CAC004C5B8C /* Debug */ = {
			isa = XCBuildConfiguration;
			buildSettings = {
				ALWAYS_SEARCH_USER_PATHS = NO;
				CLANG_ANALYZER_NONNULL = YES;
				CLANG_ANALYZER_NUMBER_OBJECT_CONVERSION = YES_AGGRESSIVE;
				CLANG_CXX_LANGUAGE_STANDARD = "gnu++17";
				CLANG_CXX_LIBRARY = "libc++";
				CLANG_ENABLE_MODULES = YES;
				CLANG_ENABLE_OBJC_ARC = YES;
				CLANG_ENABLE_OBJC_WEAK = YES;
				CLANG_WARN_BLOCK_CAPTURE_AUTORELEASING = YES;
				CLANG_WARN_BOOL_CONVERSION = YES;
				CLANG_WARN_COMMA = YES;
				CLANG_WARN_CONSTANT_CONVERSION = YES;
				CLANG_WARN_DEPRECATED_OBJC_IMPLEMENTATIONS = YES;
				CLANG_WARN_DIRECT_OBJC_ISA_USAGE = YES_ERROR;
				CLANG_WARN_DOCUMENTATION_COMMENTS = YES;
				CLANG_WARN_EMPTY_BODY = YES;
				CLANG_WARN_ENUM_CONVERSION = YES;
				CLANG_WARN_INFINITE_RECURSION = YES;
				CLANG_WARN_INT_CONVERSION = YES;
				CLANG_WARN_NON_LITERAL_NULL_CONVERSION = YES;
				CLANG_WARN_OBJC_IMPLICIT_RETAIN_SELF = YES;
				CLANG_WARN_OBJC_LITERAL_CONVERSION = YES;
				CLANG_WARN_OBJC_ROOT_CLASS = YES_ERROR;
				CLANG_WARN_QUOTED_INCLUDE_IN_FRAMEWORK_HEADER = YES;
				CLANG_WARN_RANGE_LOOP_ANALYSIS = YES;
				CLANG_WARN_STRICT_PROTOTYPES = YES;
				CLANG_WARN_SUSPICIOUS_MOVE = YES;
				CLANG_WARN_UNGUARDED_AVAILABILITY = YES_AGGRESSIVE;
				CLANG_WARN_UNREACHABLE_CODE = YES;
				CLANG_WARN__DUPLICATE_METHOD_MATCH = YES;
				COPY_PHASE_STRIP = NO;
				DEBUG_INFORMATION_FORMAT = dwarf;
				ENABLE_STRICT_OBJC_MSGSEND = YES;
				ENABLE_TESTABILITY = YES;
				GCC_C_LANGUAGE_STANDARD = gnu11;
				GCC_DYNAMIC_NO_PIC = NO;
				GCC_NO_COMMON_BLOCKS = YES;
				GCC_OPTIMIZATION_LEVEL = 0;
				GCC_PREPROCESSOR_DEFINITIONS = (
					"DEBUG=1",
					"$(inherited)",
				);
				GCC_WARN_64_TO_32_BIT_CONVERSION = YES;
				GCC_WARN_ABOUT_RETURN_TYPE = YES_ERROR;
				GCC_WARN_UNDECLARED_SELECTOR = YES;
				GCC_WARN_UNINITIALIZED_AUTOS = YES_AGGRESSIVE;
				GCC_WARN_UNUSED_FUNCTION = YES;
				GCC_WARN_UNUSED_VARIABLE = YES;
				IPHONEOS_DEPLOYMENT_TARGET = 15.2;
				MTL_ENABLE_DEBUG_INFO = INCLUDE_SOURCE;
				MTL_FAST_MATH = YES;
				ONLY_ACTIVE_ARCH = YES;
				SDKROOT = iphoneos;
				SWIFT_ACTIVE_COMPILATION_CONDITIONS = DEBUG;
				SWIFT_OPTIMIZATION_LEVEL = "-Onone";
			};
			name = Debug;
		};
		91E9EE25278D2CAC004C5B8C /* Release */ = {
			isa = XCBuildConfiguration;
			buildSettings = {
				ALWAYS_SEARCH_USER_PATHS = NO;
				CLANG_ANALYZER_NONNULL = YES;
				CLANG_ANALYZER_NUMBER_OBJECT_CONVERSION = YES_AGGRESSIVE;
				CLANG_CXX_LANGUAGE_STANDARD = "gnu++17";
				CLANG_CXX_LIBRARY = "libc++";
				CLANG_ENABLE_MODULES = YES;
				CLANG_ENABLE_OBJC_ARC = YES;
				CLANG_ENABLE_OBJC_WEAK = YES;
				CLANG_WARN_BLOCK_CAPTURE_AUTORELEASING = YES;
				CLANG_WARN_BOOL_CONVERSION = YES;
				CLANG_WARN_COMMA = YES;
				CLANG_WARN_CONSTANT_CONVERSION = YES;
				CLANG_WARN_DEPRECATED_OBJC_IMPLEMENTATIONS = YES;
				CLANG_WARN_DIRECT_OBJC_ISA_USAGE = YES_ERROR;
				CLANG_WARN_DOCUMENTATION_COMMENTS = YES;
				CLANG_WARN_EMPTY_BODY = YES;
				CLANG_WARN_ENUM_CONVERSION = YES;
				CLANG_WARN_INFINITE_RECURSION = YES;
				CLANG_WARN_INT_CONVERSION = YES;
				CLANG_WARN_NON_LITERAL_NULL_CONVERSION = YES;
				CLANG_WARN_OBJC_IMPLICIT_RETAIN_SELF = YES;
				CLANG_WARN_OBJC_LITERAL_CONVERSION = YES;
				CLANG_WARN_OBJC_ROOT_CLASS = YES_ERROR;
				CLANG_WARN_QUOTED_INCLUDE_IN_FRAMEWORK_HEADER = YES;
				CLANG_WARN_RANGE_LOOP_ANALYSIS = YES;
				CLANG_WARN_STRICT_PROTOTYPES = YES;
				CLANG_WARN_SUSPICIOUS_MOVE = YES;
				CLANG_WARN_UNGUARDED_AVAILABILITY = YES_AGGRESSIVE;
				CLANG_WARN_UNREACHABLE_CODE = YES;
				CLANG_WARN__DUPLICATE_METHOD_MATCH = YES;
				COPY_PHASE_STRIP = NO;
				DEBUG_INFORMATION_FORMAT = "dwarf-with-dsym";
				ENABLE_NS_ASSERTIONS = NO;
				ENABLE_STRICT_OBJC_MSGSEND = YES;
				GCC_C_LANGUAGE_STANDARD = gnu11;
				GCC_NO_COMMON_BLOCKS = YES;
				GCC_WARN_64_TO_32_BIT_CONVERSION = YES;
				GCC_WARN_ABOUT_RETURN_TYPE = YES_ERROR;
				GCC_WARN_UNDECLARED_SELECTOR = YES;
				GCC_WARN_UNINITIALIZED_AUTOS = YES_AGGRESSIVE;
				GCC_WARN_UNUSED_FUNCTION = YES;
				GCC_WARN_UNUSED_VARIABLE = YES;
				IPHONEOS_DEPLOYMENT_TARGET = 15.2;
				MTL_ENABLE_DEBUG_INFO = NO;
				MTL_FAST_MATH = YES;
				SDKROOT = iphoneos;
				SWIFT_COMPILATION_MODE = wholemodule;
				SWIFT_OPTIMIZATION_LEVEL = "-O";
				VALIDATE_PRODUCT = YES;
			};
			name = Release;
		};
		91E9EE27278D2CAC004C5B8C /* Debug */ = {
			isa = XCBuildConfiguration;
			buildSettings = {
				ASSETCATALOG_COMPILER_APPICON_NAME = AppIcon;
				ASSETCATALOG_COMPILER_GLOBAL_ACCENT_COLOR_NAME = AccentColor;
				CODE_SIGN_ENTITLEMENTS = StakBlok/StakBlok.entitlements;
				CODE_SIGN_STYLE = Automatic;
				CURRENT_PROJECT_VERSION = 1;
				DEVELOPMENT_ASSET_PATHS = "\"StakBlok/Preview Content\"";
				DEVELOPMENT_TEAM = 7Z3453C785;
				ENABLE_PREVIEWS = YES;
				GENERATE_INFOPLIST_FILE = YES;
				INFOPLIST_FILE = StakBlok/Info.plist;
				INFOPLIST_KEY_UIApplicationSceneManifest_Generation = YES;
				INFOPLIST_KEY_UIApplicationSupportsIndirectInputEvents = YES;
				INFOPLIST_KEY_UILaunchScreen_Generation = YES;
				INFOPLIST_KEY_UILaunchStoryboardName = "Launch Screen";
				INFOPLIST_KEY_UIRequiresFullScreen = YES;
				INFOPLIST_KEY_UIStatusBarHidden = NO;
				INFOPLIST_KEY_UISupportedInterfaceOrientations = "UIInterfaceOrientationPortrait UIInterfaceOrientationPortraitUpsideDown";
				INFOPLIST_KEY_UISupportedInterfaceOrientations_iPad = "UIInterfaceOrientationPortrait UIInterfaceOrientationPortraitUpsideDown UIInterfaceOrientationLandscapeLeft UIInterfaceOrientationLandscapeRight";
				INFOPLIST_KEY_UISupportedInterfaceOrientations_iPhone = "UIInterfaceOrientationPortrait UIInterfaceOrientationLandscapeLeft UIInterfaceOrientationLandscapeRight";
				LD_RUNPATH_SEARCH_PATHS = (
					"$(inherited)",
					"@executable_path/Frameworks",
				);
				MARKETING_VERSION = 1.0;
				PRODUCT_BUNDLE_IDENTIFIER = "Arpit-Arun-Kumaar.StakBlok";
				PRODUCT_NAME = "$(TARGET_NAME)";
				SUPPORTS_MACCATALYST = NO;
				SWIFT_EMIT_LOC_STRINGS = YES;
				SWIFT_VERSION = 5.0;
				TARGETED_DEVICE_FAMILY = "1,2";
			};
			name = Debug;
		};
		91E9EE28278D2CAC004C5B8C /* Release */ = {
			isa = XCBuildConfiguration;
			buildSettings = {
				ASSETCATALOG_COMPILER_APPICON_NAME = AppIcon;
				ASSETCATALOG_COMPILER_GLOBAL_ACCENT_COLOR_NAME = AccentColor;
				CODE_SIGN_ENTITLEMENTS = StakBlok/StakBlok.entitlements;
				CODE_SIGN_STYLE = Automatic;
				CURRENT_PROJECT_VERSION = 1;
				DEVELOPMENT_ASSET_PATHS = "\"StakBlok/Preview Content\"";
				DEVELOPMENT_TEAM = 7Z3453C785;
				ENABLE_PREVIEWS = YES;
				GENERATE_INFOPLIST_FILE = YES;
				INFOPLIST_FILE = StakBlok/Info.plist;
				INFOPLIST_KEY_UIApplicationSceneManifest_Generation = YES;
				INFOPLIST_KEY_UIApplicationSupportsIndirectInputEvents = YES;
				INFOPLIST_KEY_UILaunchScreen_Generation = YES;
				INFOPLIST_KEY_UILaunchStoryboardName = "Launch Screen";
				INFOPLIST_KEY_UIRequiresFullScreen = YES;
				INFOPLIST_KEY_UIStatusBarHidden = NO;
				INFOPLIST_KEY_UISupportedInterfaceOrientations = "UIInterfaceOrientationPortrait UIInterfaceOrientationPortraitUpsideDown";
				INFOPLIST_KEY_UISupportedInterfaceOrientations_iPad = "UIInterfaceOrientationPortrait UIInterfaceOrientationPortraitUpsideDown UIInterfaceOrientationLandscapeLeft UIInterfaceOrientationLandscapeRight";
				INFOPLIST_KEY_UISupportedInterfaceOrientations_iPhone = "UIInterfaceOrientationPortrait UIInterfaceOrientationLandscapeLeft UIInterfaceOrientationLandscapeRight";
				LD_RUNPATH_SEARCH_PATHS = (
					"$(inherited)",
					"@executable_path/Frameworks",
				);
				MARKETING_VERSION = 1.0;
				PRODUCT_BUNDLE_IDENTIFIER = "Arpit-Arun-Kumaar.StakBlok";
				PRODUCT_NAME = "$(TARGET_NAME)";
				SUPPORTS_MACCATALYST = NO;
				SWIFT_EMIT_LOC_STRINGS = YES;
				SWIFT_VERSION = 5.0;
				TARGETED_DEVICE_FAMILY = "1,2";
			};
			name = Release;
		};
		91E9EE2A278D2CAC004C5B8C /* Debug */ = {
			isa = XCBuildConfiguration;
			buildSettings = {
				ALWAYS_EMBED_SWIFT_STANDARD_LIBRARIES = YES;
				BUNDLE_LOADER = "$(TEST_HOST)";
				CODE_SIGN_STYLE = Automatic;
				CURRENT_PROJECT_VERSION = 1;
				DEVELOPMENT_TEAM = 7Z3453C785;
				GENERATE_INFOPLIST_FILE = YES;
				IPHONEOS_DEPLOYMENT_TARGET = 15.2;
				MARKETING_VERSION = 1.0;
				PRODUCT_BUNDLE_IDENTIFIER = "Arpit-Arun-Kumaar.StakBlokTests";
				PRODUCT_NAME = "$(TARGET_NAME)";
				SWIFT_EMIT_LOC_STRINGS = NO;
				SWIFT_VERSION = 5.0;
				TARGETED_DEVICE_FAMILY = "1,2";
				TEST_HOST = "$(BUILT_PRODUCTS_DIR)/StakBlok.app/StakBlok";
			};
			name = Debug;
		};
		91E9EE2B278D2CAC004C5B8C /* Release */ = {
			isa = XCBuildConfiguration;
			buildSettings = {
				ALWAYS_EMBED_SWIFT_STANDARD_LIBRARIES = YES;
				BUNDLE_LOADER = "$(TEST_HOST)";
				CODE_SIGN_STYLE = Automatic;
				CURRENT_PROJECT_VERSION = 1;
				DEVELOPMENT_TEAM = 7Z3453C785;
				GENERATE_INFOPLIST_FILE = YES;
				IPHONEOS_DEPLOYMENT_TARGET = 15.2;
				MARKETING_VERSION = 1.0;
				PRODUCT_BUNDLE_IDENTIFIER = "Arpit-Arun-Kumaar.StakBlokTests";
				PRODUCT_NAME = "$(TARGET_NAME)";
				SWIFT_EMIT_LOC_STRINGS = NO;
				SWIFT_VERSION = 5.0;
				TARGETED_DEVICE_FAMILY = "1,2";
				TEST_HOST = "$(BUILT_PRODUCTS_DIR)/StakBlok.app/StakBlok";
			};
			name = Release;
		};
		91E9EE2D278D2CAC004C5B8C /* Debug */ = {
			isa = XCBuildConfiguration;
			buildSettings = {
				ALWAYS_EMBED_SWIFT_STANDARD_LIBRARIES = YES;
				CODE_SIGN_STYLE = Automatic;
				CURRENT_PROJECT_VERSION = 1;
				DEVELOPMENT_TEAM = 7Z3453C785;
				GENERATE_INFOPLIST_FILE = YES;
				MARKETING_VERSION = 1.0;
				PRODUCT_BUNDLE_IDENTIFIER = "Arpit-Arun-Kumaar.StakBlokUITests";
				PRODUCT_NAME = "$(TARGET_NAME)";
				SWIFT_EMIT_LOC_STRINGS = NO;
				SWIFT_VERSION = 5.0;
				TARGETED_DEVICE_FAMILY = "1,2";
				TEST_TARGET_NAME = StakBlok;
			};
			name = Debug;
		};
		91E9EE2E278D2CAC004C5B8C /* Release */ = {
			isa = XCBuildConfiguration;
			buildSettings = {
				ALWAYS_EMBED_SWIFT_STANDARD_LIBRARIES = YES;
				CODE_SIGN_STYLE = Automatic;
				CURRENT_PROJECT_VERSION = 1;
				DEVELOPMENT_TEAM = 7Z3453C785;
				GENERATE_INFOPLIST_FILE = YES;
				MARKETING_VERSION = 1.0;
				PRODUCT_BUNDLE_IDENTIFIER = "Arpit-Arun-Kumaar.StakBlokUITests";
				PRODUCT_NAME = "$(TARGET_NAME)";
				SWIFT_EMIT_LOC_STRINGS = NO;
				SWIFT_VERSION = 5.0;
				TARGETED_DEVICE_FAMILY = "1,2";
				TEST_TARGET_NAME = StakBlok;
			};
			name = Release;
		};
/* End XCBuildConfiguration section */

/* Begin XCConfigurationList section */
		91E9EDFD278D2CAB004C5B8C /* Build configuration list for PBXProject "StakBlok" */ = {
			isa = XCConfigurationList;
			buildConfigurations = (
				91E9EE24278D2CAC004C5B8C /* Debug */,
				91E9EE25278D2CAC004C5B8C /* Release */,
			);
			defaultConfigurationIsVisible = 0;
			defaultConfigurationName = Release;
		};
		91E9EE26278D2CAC004C5B8C /* Build configuration list for PBXNativeTarget "StakBlok" */ = {
			isa = XCConfigurationList;
			buildConfigurations = (
				91E9EE27278D2CAC004C5B8C /* Debug */,
				91E9EE28278D2CAC004C5B8C /* Release */,
			);
			defaultConfigurationIsVisible = 0;
			defaultConfigurationName = Release;
		};
		91E9EE29278D2CAC004C5B8C /* Build configuration list for PBXNativeTarget "StakBlokTests" */ = {
			isa = XCConfigurationList;
			buildConfigurations = (
				91E9EE2A278D2CAC004C5B8C /* Debug */,
				91E9EE2B278D2CAC004C5B8C /* Release */,
			);
			defaultConfigurationIsVisible = 0;
			defaultConfigurationName = Release;
		};
		91E9EE2C278D2CAC004C5B8C /* Build configuration list for PBXNativeTarget "StakBlokUITests" */ = {
			isa = XCConfigurationList;
			buildConfigurations = (
				91E9EE2D278D2CAC004C5B8C /* Debug */,
				91E9EE2E278D2CAC004C5B8C /* Release */,
			);
			defaultConfigurationIsVisible = 0;
			defaultConfigurationName = Release;
		};
/* End XCConfigurationList section */
	};
	rootObject = 91E9EDFA278D2CAB004C5B8C /* Project object */;
}
